Microsoft Visual Studio Solution File, Format Version 12.00
# Visual Studio Version 17
VisualStudioVersion = 17.5.2.0
MinimumVisualStudioVersion = 10.0.40219.1
Project("{FAE04EC0-301F-11D3-BF4B-00C04F79EFBC}") = "Miles_Doominator", "Miles_Doominator\Miles_Doominator.csproj", "{443317B3-D309-552A-4BD4-38D2B3CD7054}"
EndProject
Global
	GlobalSection(SolutionConfigurationPlatforms) = preSolution
		Debug|Any CPU = Debug|Any CPU
		Release|Any CPU = Release|Any CPU
	EndGlobalSection
	GlobalSection(ProjectConfigurationPlatforms) = postSolution
		{443317B3-D309-552A-4BD4-38D2B3CD7054}.Debug|Any CPU.ActiveCfg = Debug|Any CPU
		{443317B3-D309-552A-4BD4-38D2B3CD7054}.Debug|Any CPU.Build.0 = Debug|Any CPU
		{443317B3-D309-552A-4BD4-38D2B3CD7054}.Release|Any CPU.ActiveCfg = Release|Any CPU
		{443317B3-D309-552A-4BD4-38D2B3CD7054}.Release|Any CPU.Build.0 = Release|Any CPU
	EndGlobalSection
	GlobalSection(SolutionProperties) = preSolution
		HideSolutionNode = FALSE
	EndGlobalSection
	GlobalSection(ExtensibilityGlobals) = postSolution
		SolutionGuid = {E2EF093A-A85B-4902-A048-DF7DC0B29233}
	EndGlobalSection
EndGlobal
